// !$*UTF8*$!
{
	archiveVersion = 1;
	classes = {
	};
	objectVersion = 54;
	objects = {

/* Begin PBXBuildFile section */
		4B06FDFD29B5C31A008A5389 /* export.swift in Sources */ = {isa = PBXBuildFile; fileRef = 4B06FDFC29B5C31A008A5389 /* export.swift */; };
		4B0ED6C2253ACE4C0012ADE6 /* AnyCMSampleBufferOutput.swift in Sources */ = {isa = PBXBuildFile; fileRef = 4B0ED6C1253ACE4C0012ADE6 /* AnyCMSampleBufferOutput.swift */; };
		4B0ED6C6253ACF300012ADE6 /* AnyOutput.swift in Sources */ = {isa = PBXBuildFile; fileRef = 4B0ED6C5253ACF300012ADE6 /* AnyOutput.swift */; };
		4B0ED6CA253AD0D50012ADE6 /* EventBus.swift in Sources */ = {isa = PBXBuildFile; fileRef = 4B0ED6C9253AD0D50012ADE6 /* EventBus.swift */; };
		4B0ED6D0253AD8B20012ADE6 /* PixelBufferTransform.swift in Sources */ = {isa = PBXBuildFile; fileRef = 4B0ED6CF253AD8B20012ADE6 /* PixelBufferTransform.swift */; };
		4B0ED6D3253AD9650012ADE6 /* MapOutput.swift in Sources */ = {isa = PBXBuildFile; fileRef = 4B0ED6D2253AD9650012ADE6 /* MapOutput.swift */; };
		4B0ED6DD253AE1910012ADE6 /* AnyCVPixelBufferOutput.swift in Sources */ = {isa = PBXBuildFile; fileRef = 4B0ED6DC253AE1910012ADE6 /* AnyCVPixelBufferOutput.swift */; };
		4B0ED6E0253AE2670012ADE6 /* CoreImageFilter.swift in Sources */ = {isa = PBXBuildFile; fileRef = 4B0ED6DF253AE2670012ADE6 /* CoreImageFilter.swift */; };
		4B1DF6A02534A40300503E16 /* PixelBufferView.swift in Sources */ = {isa = PBXBuildFile; fileRef = 4B1DF69F2534A40300503E16 /* PixelBufferView.swift */; };
		4B293EE02534A14B0057EF46 /* InputNodeType.swift in Sources */ = {isa = PBXBuildFile; fileRef = 4B293EDF2534A14B0057EF46 /* InputNodeType.swift */; };
		4B2A5ABF26FB82850072A253 /* Orientations.swift in Sources */ = {isa = PBXBuildFile; fileRef = 4B2A5ABE26FB82850072A253 /* Orientations.swift */; };
		4B2D586225346C410080E958 /* ComponentCamera.h in Headers */ = {isa = PBXBuildFile; fileRef = 4B2D586025346C410080E958 /* ComponentCamera.h */; settings = {ATTRIBUTES = (Public, ); }; };
		4B2D587025346C730080E958 /* ComponentCameraDemoSwiftUIApp.swift in Sources */ = {isa = PBXBuildFile; fileRef = 4B2D586F25346C730080E958 /* ComponentCameraDemoSwiftUIApp.swift */; };
		4B2D587225346C730080E958 /* ContentView.swift in Sources */ = {isa = PBXBuildFile; fileRef = 4B2D587125346C730080E958 /* ContentView.swift */; };
		4B2D587425346C740080E958 /* Assets.xcassets in Resources */ = {isa = PBXBuildFile; fileRef = 4B2D587325346C740080E958 /* Assets.xcassets */; };
		4B2D587725346C740080E958 /* Preview Assets.xcassets in Resources */ = {isa = PBXBuildFile; fileRef = 4B2D587625346C740080E958 /* Preview Assets.xcassets */; };
		4B2D588525346C900080E958 /* AppDelegate.swift in Sources */ = {isa = PBXBuildFile; fileRef = 4B2D588425346C900080E958 /* AppDelegate.swift */; };
		4B2D588725346C900080E958 /* SceneDelegate.swift in Sources */ = {isa = PBXBuildFile; fileRef = 4B2D588625346C900080E958 /* SceneDelegate.swift */; };
		4B2D588925346C900080E958 /* ViewController.swift in Sources */ = {isa = PBXBuildFile; fileRef = 4B2D588825346C900080E958 /* ViewController.swift */; };
		4B2D588E25346C900080E958 /* Assets.xcassets in Resources */ = {isa = PBXBuildFile; fileRef = 4B2D588D25346C900080E958 /* Assets.xcassets */; };
		4B2D589125346C900080E958 /* LaunchScreen.storyboard in Resources */ = {isa = PBXBuildFile; fileRef = 4B2D588F25346C900080E958 /* LaunchScreen.storyboard */; };
		4B2D5D78253477480080E958 /* CaptureBody.swift in Sources */ = {isa = PBXBuildFile; fileRef = 4B2D5D77253477480080E958 /* CaptureBody.swift */; };
		4B2D5D7D25347B090080E958 /* PreviewLayerView.swift in Sources */ = {isa = PBXBuildFile; fileRef = 4B2D5D7C25347B090080E958 /* PreviewLayerView.swift */; };
		4B2D5D8225347B7C0080E958 /* Capturer.framework in Frameworks */ = {isa = PBXBuildFile; fileRef = 4B2D585D25346C410080E958 /* Capturer.framework */; };
		4B2D5D8325347B7C0080E958 /* Capturer.framework in Embed Frameworks */ = {isa = PBXBuildFile; fileRef = 4B2D585D25346C410080E958 /* Capturer.framework */; settings = {ATTRIBUTES = (CodeSignOnCopy, RemoveHeadersOnCopy, ); }; };
		4B3688BD25349F370067C298 /* OutputNodeType.swift in Sources */ = {isa = PBXBuildFile; fileRef = 4B3688BC25349F370067C298 /* OutputNodeType.swift */; };
		4B3688C025349F5B0067C298 /* VideoDataOutput.swift in Sources */ = {isa = PBXBuildFile; fileRef = 4B3688BF25349F5B0067C298 /* VideoDataOutput.swift */; };
		4B3688C325349F770067C298 /* ComponentBase.swift in Sources */ = {isa = PBXBuildFile; fileRef = 4B3688C225349F770067C298 /* ComponentBase.swift */; };
		4B3D9BD326F9D2480037771E /* Book.swift in Sources */ = {isa = PBXBuildFile; fileRef = 4B3D9BD226F9D2480037771E /* Book.swift */; };
		4B3D9BD526F9D25E0037771E /* RootContainerViewController.swift in Sources */ = {isa = PBXBuildFile; fileRef = 4B3D9BD426F9D25E0037771E /* RootContainerViewController.swift */; };
		4B3D9BD726F9D4550037771E /* DemoInputPreviewViewController.swift in Sources */ = {isa = PBXBuildFile; fileRef = 4B3D9BD626F9D4550037771E /* DemoInputPreviewViewController.swift */; };
		4B3D9BD926F9D4A20037771E /* Capturer.framework in Frameworks */ = {isa = PBXBuildFile; fileRef = 4B2D585D25346C410080E958 /* Capturer.framework */; platformFilter = ios; };
		4B3D9BDA26F9D4A20037771E /* Capturer.framework in Embed Frameworks */ = {isa = PBXBuildFile; fileRef = 4B2D585D25346C410080E958 /* Capturer.framework */; settings = {ATTRIBUTES = (CodeSignOnCopy, RemoveHeadersOnCopy, ); }; };
		4B3D9BDE26F9D7D00037771E /* Utils.swift in Sources */ = {isa = PBXBuildFile; fileRef = 4B3D9BDD26F9D7D00037771E /* Utils.swift */; };
		4B3D9BE026F9DE440037771E /* CameraInput.swift in Sources */ = {isa = PBXBuildFile; fileRef = 4B3D9BDF26F9DE440037771E /* CameraInput.swift */; };
		4B3D9BE226F9F4EB0037771E /* Logger.swift in Sources */ = {isa = PBXBuildFile; fileRef = 4B3D9BE126F9F4EB0037771E /* Logger.swift */; };
		4B3D9BE426F9F7540037771E /* Extensions.swift in Sources */ = {isa = PBXBuildFile; fileRef = 4B3D9BE326F9F7540037771E /* Extensions.swift */; };
		4B3D9BE626F9FB2A0037771E /* CVPixelBufferModifying.swift in Sources */ = {isa = PBXBuildFile; fileRef = 4B3D9BE526F9FB2A0037771E /* CVPixelBufferModifying.swift */; };
		4B4BC49E271852ED00E78A01 /* DemoInputPreviewClassicViewController.swift in Sources */ = {isa = PBXBuildFile; fileRef = 4B4BC49D271852ED00E78A01 /* DemoInputPreviewClassicViewController.swift */; };
		4B65D33926FA0E7600DBC163 /* PhotoOutput.swift in Sources */ = {isa = PBXBuildFile; fileRef = 4B65D33826FA0E7600DBC163 /* PhotoOutput.swift */; };
		4B9077CD26FB0C43008BF843 /* PixelBufferDisplaying.swift in Sources */ = {isa = PBXBuildFile; fileRef = 4B9077CC26FB0C43008BF843 /* PixelBufferDisplaying.swift */; };
		4B9077CF26FB0C5F008BF843 /* CoreImagePixelBufferView.swift in Sources */ = {isa = PBXBuildFile; fileRef = 4B9077CE26FB0C5F008BF843 /* CoreImagePixelBufferView.swift */; };
		4B99BC0E26FB74C100CA722C /* PreviewOutput.swift in Sources */ = {isa = PBXBuildFile; fileRef = 4B99BC0D26FB74C100CA722C /* PreviewOutput.swift */; };
		4BBF6FC926FA32290047E633 /* PhotoTools.swift in Sources */ = {isa = PBXBuildFile; fileRef = 4BBF6FC826FA32290047E633 /* PhotoTools.swift */; };
		63ECED500C01AC459FB9283F /* Pods_CapturerDemoUIKit.framework in Frameworks */ = {isa = PBXBuildFile; fileRef = EAF4397816B68CA79F051BAE /* Pods_CapturerDemoUIKit.framework */; };
		B0373097F4B04993B1765393 /* Pods_CapturerDemoSwiftUI.framework in Frameworks */ = {isa = PBXBuildFile; fileRef = 0D0DD43361FDDD43FB6D8A1E /* Pods_CapturerDemoSwiftUI.framework */; };
/* End PBXBuildFile section */

/* Begin PBXContainerItemProxy section */
		4B2D5D8425347B7C0080E958 /* PBXContainerItemProxy */ = {
			isa = PBXContainerItemProxy;
			containerPortal = 4B2D585425346C400080E958 /* Project object */;
			proxyType = 1;
			remoteGlobalIDString = 4B2D585C25346C410080E958;
			remoteInfo = ComponentCamera;
		};
		4B3D9BDB26F9D4A20037771E /* PBXContainerItemProxy */ = {
			isa = PBXContainerItemProxy;
			containerPortal = 4B2D585425346C400080E958 /* Project object */;
			proxyType = 1;
			remoteGlobalIDString = 4B2D585C25346C410080E958;
			remoteInfo = ComponentCamera;
		};
/* End PBXContainerItemProxy section */

/* Begin PBXCopyFilesBuildPhase section */
		4B0A735B2534984500E1DEFF /* Embed Frameworks */ = {
			isa = PBXCopyFilesBuildPhase;
			buildActionMask = 2147483647;
			dstPath = "";
			dstSubfolderSpec = 10;
			files = (
				4B3D9BDA26F9D4A20037771E /* Capturer.framework in Embed Frameworks */,
			);
			name = "Embed Frameworks";
			runOnlyForDeploymentPostprocessing = 0;
		};
		4B2D5D8625347B7C0080E958 /* Embed Frameworks */ = {
			isa = PBXCopyFilesBuildPhase;
			buildActionMask = 2147483647;
			dstPath = "";
			dstSubfolderSpec = 10;
			files = (
				4B2D5D8325347B7C0080E958 /* Capturer.framework in Embed Frameworks */,
			);
			name = "Embed Frameworks";
			runOnlyForDeploymentPostprocessing = 0;
		};
/* End PBXCopyFilesBuildPhase section */

/* Begin PBXFileReference section */
		0D0DD43361FDDD43FB6D8A1E /* Pods_CapturerDemoSwiftUI.framework */ = {isa = PBXFileReference; explicitFileType = wrapper.framework; includeInIndex = 0; path = Pods_CapturerDemoSwiftUI.framework; sourceTree = BUILT_PRODUCTS_DIR; };
		4B06FDFC29B5C31A008A5389 /* export.swift */ = {isa = PBXFileReference; lastKnownFileType = sourcecode.swift; path = export.swift; sourceTree = "<group>"; };
		4B0ED6C1253ACE4C0012ADE6 /* AnyCMSampleBufferOutput.swift */ = {isa = PBXFileReference; lastKnownFileType = sourcecode.swift; path = AnyCMSampleBufferOutput.swift; sourceTree = "<group>"; };
		4B0ED6C5253ACF300012ADE6 /* AnyOutput.swift */ = {isa = PBXFileReference; lastKnownFileType = sourcecode.swift; path = AnyOutput.swift; sourceTree = "<group>"; };
		4B0ED6C9253AD0D50012ADE6 /* EventBus.swift */ = {isa = PBXFileReference; lastKnownFileType = sourcecode.swift; path = EventBus.swift; sourceTree = "<group>"; };
		4B0ED6CF253AD8B20012ADE6 /* PixelBufferTransform.swift */ = {isa = PBXFileReference; lastKnownFileType = sourcecode.swift; path = PixelBufferTransform.swift; sourceTree = "<group>"; };
		4B0ED6D2253AD9650012ADE6 /* MapOutput.swift */ = {isa = PBXFileReference; lastKnownFileType = sourcecode.swift; path = MapOutput.swift; sourceTree = "<group>"; };
		4B0ED6DC253AE1910012ADE6 /* AnyCVPixelBufferOutput.swift */ = {isa = PBXFileReference; lastKnownFileType = sourcecode.swift; path = AnyCVPixelBufferOutput.swift; sourceTree = "<group>"; };
		4B0ED6DF253AE2670012ADE6 /* CoreImageFilter.swift */ = {isa = PBXFileReference; lastKnownFileType = sourcecode.swift; path = CoreImageFilter.swift; sourceTree = "<group>"; };
		4B1DF69F2534A40300503E16 /* PixelBufferView.swift */ = {isa = PBXFileReference; lastKnownFileType = sourcecode.swift; path = PixelBufferView.swift; sourceTree = "<group>"; };
		4B293EDF2534A14B0057EF46 /* InputNodeType.swift */ = {isa = PBXFileReference; lastKnownFileType = sourcecode.swift; path = InputNodeType.swift; sourceTree = "<group>"; };
		4B2A5ABE26FB82850072A253 /* Orientations.swift */ = {isa = PBXFileReference; lastKnownFileType = sourcecode.swift; path = Orientations.swift; sourceTree = "<group>"; };
		4B2D585D25346C410080E958 /* Capturer.framework */ = {isa = PBXFileReference; explicitFileType = wrapper.framework; includeInIndex = 0; path = Capturer.framework; sourceTree = BUILT_PRODUCTS_DIR; };
		4B2D586025346C410080E958 /* ComponentCamera.h */ = {isa = PBXFileReference; lastKnownFileType = sourcecode.c.h; path = ComponentCamera.h; sourceTree = "<group>"; };
		4B2D586125346C410080E958 /* Info.plist */ = {isa = PBXFileReference; lastKnownFileType = text.plist.xml; path = Info.plist; sourceTree = "<group>"; };
		4B2D586D25346C730080E958 /* CapturerDemoSwiftUI.app */ = {isa = PBXFileReference; explicitFileType = wrapper.application; includeInIndex = 0; path = CapturerDemoSwiftUI.app; sourceTree = BUILT_PRODUCTS_DIR; };
		4B2D586F25346C730080E958 /* ComponentCameraDemoSwiftUIApp.swift */ = {isa = PBXFileReference; lastKnownFileType = sourcecode.swift; path = ComponentCameraDemoSwiftUIApp.swift; sourceTree = "<group>"; };
		4B2D587125346C730080E958 /* ContentView.swift */ = {isa = PBXFileReference; lastKnownFileType = sourcecode.swift; path = ContentView.swift; sourceTree = "<group>"; };
		4B2D587325346C740080E958 /* Assets.xcassets */ = {isa = PBXFileReference; lastKnownFileType = folder.assetcatalog; path = Assets.xcassets; sourceTree = "<group>"; };
		4B2D587625346C740080E958 /* Preview Assets.xcassets */ = {isa = PBXFileReference; lastKnownFileType = folder.assetcatalog; path = "Preview Assets.xcassets"; sourceTree = "<group>"; };
		4B2D587825346C740080E958 /* Info.plist */ = {isa = PBXFileReference; lastKnownFileType = text.plist.xml; path = Info.plist; sourceTree = "<group>"; };
		4B2D588225346C900080E958 /* CapturerDemoUIKit.app */ = {isa = PBXFileReference; explicitFileType = wrapper.application; includeInIndex = 0; path = CapturerDemoUIKit.app; sourceTree = BUILT_PRODUCTS_DIR; };
		4B2D588425346C900080E958 /* AppDelegate.swift */ = {isa = PBXFileReference; lastKnownFileType = sourcecode.swift; path = AppDelegate.swift; sourceTree = "<group>"; };
		4B2D588625346C900080E958 /* SceneDelegate.swift */ = {isa = PBXFileReference; lastKnownFileType = sourcecode.swift; path = SceneDelegate.swift; sourceTree = "<group>"; };
		4B2D588825346C900080E958 /* ViewController.swift */ = {isa = PBXFileReference; lastKnownFileType = sourcecode.swift; path = ViewController.swift; sourceTree = "<group>"; };
		4B2D588D25346C900080E958 /* Assets.xcassets */ = {isa = PBXFileReference; lastKnownFileType = folder.assetcatalog; path = Assets.xcassets; sourceTree = "<group>"; };
		4B2D589025346C900080E958 /* Base */ = {isa = PBXFileReference; lastKnownFileType = file.storyboard; name = Base; path = Base.lproj/LaunchScreen.storyboard; sourceTree = "<group>"; };
		4B2D589225346C900080E958 /* Info.plist */ = {isa = PBXFileReference; lastKnownFileType = text.plist.xml; path = Info.plist; sourceTree = "<group>"; };
		4B2D5D77253477480080E958 /* CaptureBody.swift */ = {isa = PBXFileReference; lastKnownFileType = sourcecode.swift; path = CaptureBody.swift; sourceTree = "<group>"; };
		4B2D5D7C25347B090080E958 /* PreviewLayerView.swift */ = {isa = PBXFileReference; lastKnownFileType = sourcecode.swift; path = PreviewLayerView.swift; sourceTree = "<group>"; };
		4B3688BC25349F370067C298 /* OutputNodeType.swift */ = {isa = PBXFileReference; lastKnownFileType = sourcecode.swift; path = OutputNodeType.swift; sourceTree = "<group>"; };
		4B3688BF25349F5B0067C298 /* VideoDataOutput.swift */ = {isa = PBXFileReference; lastKnownFileType = sourcecode.swift; path = VideoDataOutput.swift; sourceTree = "<group>"; };
		4B3688C225349F770067C298 /* ComponentBase.swift */ = {isa = PBXFileReference; lastKnownFileType = sourcecode.swift; path = ComponentBase.swift; sourceTree = "<group>"; };
		4B3D9BD226F9D2480037771E /* Book.swift */ = {isa = PBXFileReference; lastKnownFileType = sourcecode.swift; path = Book.swift; sourceTree = "<group>"; };
		4B3D9BD426F9D25E0037771E /* RootContainerViewController.swift */ = {isa = PBXFileReference; lastKnownFileType = sourcecode.swift; path = RootContainerViewController.swift; sourceTree = "<group>"; };
		4B3D9BD626F9D4550037771E /* DemoInputPreviewViewController.swift */ = {isa = PBXFileReference; lastKnownFileType = sourcecode.swift; path = DemoInputPreviewViewController.swift; sourceTree = "<group>"; };
		4B3D9BDD26F9D7D00037771E /* Utils.swift */ = {isa = PBXFileReference; lastKnownFileType = sourcecode.swift; path = Utils.swift; sourceTree = "<group>"; };
		4B3D9BDF26F9DE440037771E /* CameraInput.swift */ = {isa = PBXFileReference; lastKnownFileType = sourcecode.swift; path = CameraInput.swift; sourceTree = "<group>"; };
		4B3D9BE126F9F4EB0037771E /* Logger.swift */ = {isa = PBXFileReference; lastKnownFileType = sourcecode.swift; path = Logger.swift; sourceTree = "<group>"; };
		4B3D9BE326F9F7540037771E /* Extensions.swift */ = {isa = PBXFileReference; lastKnownFileType = sourcecode.swift; path = Extensions.swift; sourceTree = "<group>"; };
		4B3D9BE526F9FB2A0037771E /* CVPixelBufferModifying.swift */ = {isa = PBXFileReference; lastKnownFileType = sourcecode.swift; path = CVPixelBufferModifying.swift; sourceTree = "<group>"; };
		4B4BC49D271852ED00E78A01 /* DemoInputPreviewClassicViewController.swift */ = {isa = PBXFileReference; lastKnownFileType = sourcecode.swift; path = DemoInputPreviewClassicViewController.swift; sourceTree = "<group>"; };
		4B65D33826FA0E7600DBC163 /* PhotoOutput.swift */ = {isa = PBXFileReference; lastKnownFileType = sourcecode.swift; path = PhotoOutput.swift; sourceTree = "<group>"; };
		4B9077CC26FB0C43008BF843 /* PixelBufferDisplaying.swift */ = {isa = PBXFileReference; lastKnownFileType = sourcecode.swift; path = PixelBufferDisplaying.swift; sourceTree = "<group>"; };
		4B9077CE26FB0C5F008BF843 /* CoreImagePixelBufferView.swift */ = {isa = PBXFileReference; lastKnownFileType = sourcecode.swift; path = CoreImagePixelBufferView.swift; sourceTree = "<group>"; };
		4B99BC0D26FB74C100CA722C /* PreviewOutput.swift */ = {isa = PBXFileReference; lastKnownFileType = sourcecode.swift; path = PreviewOutput.swift; sourceTree = "<group>"; };
		4BBF6FC826FA32290047E633 /* PhotoTools.swift */ = {isa = PBXFileReference; lastKnownFileType = sourcecode.swift; path = PhotoTools.swift; sourceTree = "<group>"; };
		53FE04182317F603CF1BD331 /* Pods-CapturerDemoUIKit.debug.xcconfig */ = {isa = PBXFileReference; includeInIndex = 1; lastKnownFileType = text.xcconfig; name = "Pods-CapturerDemoUIKit.debug.xcconfig"; path = "Target Support Files/Pods-CapturerDemoUIKit/Pods-CapturerDemoUIKit.debug.xcconfig"; sourceTree = "<group>"; };
		81E305E0D5CEF2969E15D213 /* Pods-ComponentCameraDemoSwiftUI.debug.xcconfig */ = {isa = PBXFileReference; includeInIndex = 1; lastKnownFileType = text.xcconfig; name = "Pods-ComponentCameraDemoSwiftUI.debug.xcconfig"; path = "Target Support Files/Pods-ComponentCameraDemoSwiftUI/Pods-ComponentCameraDemoSwiftUI.debug.xcconfig"; sourceTree = "<group>"; };
		8D276A5D43D7E5CE1BECF749 /* Pods-CapturerDemoUIKit.release.xcconfig */ = {isa = PBXFileReference; includeInIndex = 1; lastKnownFileType = text.xcconfig; name = "Pods-CapturerDemoUIKit.release.xcconfig"; path = "Target Support Files/Pods-CapturerDemoUIKit/Pods-CapturerDemoUIKit.release.xcconfig"; sourceTree = "<group>"; };
		8F0733D658442B83C47F1033 /* Pods-CapturerDemoSwiftUI.release.xcconfig */ = {isa = PBXFileReference; includeInIndex = 1; lastKnownFileType = text.xcconfig; name = "Pods-CapturerDemoSwiftUI.release.xcconfig"; path = "Target Support Files/Pods-CapturerDemoSwiftUI/Pods-CapturerDemoSwiftUI.release.xcconfig"; sourceTree = "<group>"; };
		9223848E27EB99AF618FAF0E /* Pods-ComponentCameraDemoUIKit.release.xcconfig */ = {isa = PBXFileReference; includeInIndex = 1; lastKnownFileType = text.xcconfig; name = "Pods-ComponentCameraDemoUIKit.release.xcconfig"; path = "Target Support Files/Pods-ComponentCameraDemoUIKit/Pods-ComponentCameraDemoUIKit.release.xcconfig"; sourceTree = "<group>"; };
		9A9D2AB239E86E0943DE440C /* Pods-ComponentCameraDemoSwiftUI.release.xcconfig */ = {isa = PBXFileReference; includeInIndex = 1; lastKnownFileType = text.xcconfig; name = "Pods-ComponentCameraDemoSwiftUI.release.xcconfig"; path = "Target Support Files/Pods-ComponentCameraDemoSwiftUI/Pods-ComponentCameraDemoSwiftUI.release.xcconfig"; sourceTree = "<group>"; };
		B0073AC956B13BF860A64ABC /* Pods-ComponentCameraDemoUIKit.debug.xcconfig */ = {isa = PBXFileReference; includeInIndex = 1; lastKnownFileType = text.xcconfig; name = "Pods-ComponentCameraDemoUIKit.debug.xcconfig"; path = "Target Support Files/Pods-ComponentCameraDemoUIKit/Pods-ComponentCameraDemoUIKit.debug.xcconfig"; sourceTree = "<group>"; };
		D6D542B3A54C1F3AAABE0102 /* Pods-CapturerDemoSwiftUI.debug.xcconfig */ = {isa = PBXFileReference; includeInIndex = 1; lastKnownFileType = text.xcconfig; name = "Pods-CapturerDemoSwiftUI.debug.xcconfig"; path = "Target Support Files/Pods-CapturerDemoSwiftUI/Pods-CapturerDemoSwiftUI.debug.xcconfig"; sourceTree = "<group>"; };
		EAF4397816B68CA79F051BAE /* Pods_CapturerDemoUIKit.framework */ = {isa = PBXFileReference; explicitFileType = wrapper.framework; includeInIndex = 0; path = Pods_CapturerDemoUIKit.framework; sourceTree = BUILT_PRODUCTS_DIR; };
/* End PBXFileReference section */

/* Begin PBXFrameworksBuildPhase section */
		4B2D585A25346C410080E958 /* Frameworks */ = {
			isa = PBXFrameworksBuildPhase;
			buildActionMask = 2147483647;
			files = (
			);
			runOnlyForDeploymentPostprocessing = 0;
		};
		4B2D586A25346C730080E958 /* Frameworks */ = {
			isa = PBXFrameworksBuildPhase;
			buildActionMask = 2147483647;
			files = (
				4B2D5D8225347B7C0080E958 /* Capturer.framework in Frameworks */,
				B0373097F4B04993B1765393 /* Pods_CapturerDemoSwiftUI.framework in Frameworks */,
			);
			runOnlyForDeploymentPostprocessing = 0;
		};
		4B2D587F25346C900080E958 /* Frameworks */ = {
			isa = PBXFrameworksBuildPhase;
			buildActionMask = 2147483647;
			files = (
				4B3D9BD926F9D4A20037771E /* Capturer.framework in Frameworks */,
				63ECED500C01AC459FB9283F /* Pods_CapturerDemoUIKit.framework in Frameworks */,
			);
			runOnlyForDeploymentPostprocessing = 0;
		};
/* End PBXFrameworksBuildPhase section */

/* Begin PBXGroup section */
		4B0ED6D5253ADBB80012ADE6 /* Filters */ = {
			isa = PBXGroup;
			children = (
				4B0ED6DF253AE2670012ADE6 /* CoreImageFilter.swift */,
			);
			path = Filters;
			sourceTree = "<group>";
		};
		4B1DF69E2534A3E300503E16 /* Views */ = {
			isa = PBXGroup;
			children = (
				4B9077CC26FB0C43008BF843 /* PixelBufferDisplaying.swift */,
				4B1DF69F2534A40300503E16 /* PixelBufferView.swift */,
			);
			path = Views;
			sourceTree = "<group>";
		};
		4B293EDC2534A12A0057EF46 /* Outputs */ = {
			isa = PBXGroup;
			children = (
				4B3688BC25349F370067C298 /* OutputNodeType.swift */,
				4B3688BF25349F5B0067C298 /* VideoDataOutput.swift */,
				4B99BC0D26FB74C100CA722C /* PreviewOutput.swift */,
				4B0ED6C5253ACF300012ADE6 /* AnyOutput.swift */,
				4B0ED6DC253AE1910012ADE6 /* AnyCVPixelBufferOutput.swift */,
				4B3D9BE526F9FB2A0037771E /* CVPixelBufferModifying.swift */,
				4B65D33826FA0E7600DBC163 /* PhotoOutput.swift */,
			);
			path = Outputs;
			sourceTree = "<group>";
		};
		4B293EDE2534A13A0057EF46 /* Inputs */ = {
			isa = PBXGroup;
			children = (
				4B293EDF2534A14B0057EF46 /* InputNodeType.swift */,
				4B3D9BDF26F9DE440037771E /* CameraInput.swift */,
			);
			path = Inputs;
			sourceTree = "<group>";
		};
		4B2D585325346C400080E958 = {
			isa = PBXGroup;
			children = (
				4B2D585F25346C410080E958 /* Capturer */,
				4B2D586E25346C730080E958 /* ComponentCameraDemoSwiftUI */,
				4B2D588325346C900080E958 /* ComponentCameraDemoUIKit */,
				4B2D585E25346C410080E958 /* Products */,
				4B2D5D8125347B7C0080E958 /* Frameworks */,
				6C347E79C8C03ED8245E34C5 /* Pods */,
			);
			sourceTree = "<group>";
		};
		4B2D585E25346C410080E958 /* Products */ = {
			isa = PBXGroup;
			children = (
				4B2D585D25346C410080E958 /* Capturer.framework */,
				4B2D586D25346C730080E958 /* CapturerDemoSwiftUI.app */,
				4B2D588225346C900080E958 /* CapturerDemoUIKit.app */,
			);
			name = Products;
			sourceTree = "<group>";
		};
		4B2D585F25346C410080E958 /* Capturer */ = {
			isa = PBXGroup;
			children = (
				4B7EA76326FA04980016D723 /* Basic */,
				4B7EA76426FA04A90016D723 /* Extended */,
				4B2D586025346C410080E958 /* ComponentCamera.h */,
				4B2D586125346C410080E958 /* Info.plist */,
			);
			path = Capturer;
			sourceTree = "<group>";
		};
		4B2D586E25346C730080E958 /* ComponentCameraDemoSwiftUI */ = {
			isa = PBXGroup;
			children = (
				4B2D586F25346C730080E958 /* ComponentCameraDemoSwiftUIApp.swift */,
				4B2D587125346C730080E958 /* ContentView.swift */,
				4B2D5D7C25347B090080E958 /* PreviewLayerView.swift */,
				4B2D587325346C740080E958 /* Assets.xcassets */,
				4B2D587825346C740080E958 /* Info.plist */,
				4B2D587525346C740080E958 /* Preview Content */,
			);
			path = ComponentCameraDemoSwiftUI;
			sourceTree = "<group>";
		};
		4B2D587525346C740080E958 /* Preview Content */ = {
			isa = PBXGroup;
			children = (
				4B2D587625346C740080E958 /* Preview Assets.xcassets */,
			);
			path = "Preview Content";
			sourceTree = "<group>";
		};
		4B2D588325346C900080E958 /* ComponentCameraDemoUIKit */ = {
			isa = PBXGroup;
			children = (
				4B3D9BD826F9D4590037771E /* Demo */,
				4B2D588425346C900080E958 /* AppDelegate.swift */,
				4B2D588625346C900080E958 /* SceneDelegate.swift */,
				4B3D9BD226F9D2480037771E /* Book.swift */,
				4B3D9BD426F9D25E0037771E /* RootContainerViewController.swift */,
				4B2D588825346C900080E958 /* ViewController.swift */,
				4B2D588D25346C900080E958 /* Assets.xcassets */,
				4B2D588F25346C900080E958 /* LaunchScreen.storyboard */,
				4B2D589225346C900080E958 /* Info.plist */,
				4B3D9BE326F9F7540037771E /* Extensions.swift */,
			);
			path = ComponentCameraDemoUIKit;
			sourceTree = "<group>";
		};
		4B2D5D8125347B7C0080E958 /* Frameworks */ = {
			isa = PBXGroup;
			children = (
				0D0DD43361FDDD43FB6D8A1E /* Pods_CapturerDemoSwiftUI.framework */,
				EAF4397816B68CA79F051BAE /* Pods_CapturerDemoUIKit.framework */,
			);
			name = Frameworks;
			sourceTree = "<group>";
		};
		4B3D9BD826F9D4590037771E /* Demo */ = {
			isa = PBXGroup;
			children = (
				4B3D9BD626F9D4550037771E /* DemoInputPreviewViewController.swift */,
				4B4BC49D271852ED00E78A01 /* DemoInputPreviewClassicViewController.swift */,
			);
			path = Demo;
			sourceTree = "<group>";
		};
		4B7EA76326FA04980016D723 /* Basic */ = {
			isa = PBXGroup;
			children = (
				4B2D5D77253477480080E958 /* CaptureBody.swift */,
				4B3688C225349F770067C298 /* ComponentBase.swift */,
				4B0ED6C9253AD0D50012ADE6 /* EventBus.swift */,
				4B3D9BDD26F9D7D00037771E /* Utils.swift */,
				4B3D9BE126F9F4EB0037771E /* Logger.swift */,
				4B1DF69E2534A3E300503E16 /* Views */,
				4B293EDE2534A13A0057EF46 /* Inputs */,
				4B293EDC2534A12A0057EF46 /* Outputs */,
				4BBF6FC826FA32290047E633 /* PhotoTools.swift */,
				4B06FDFC29B5C31A008A5389 /* export.swift */,
			);
			path = Basic;
			sourceTree = "<group>";
		};
		4B7EA76426FA04A90016D723 /* Extended */ = {
			isa = PBXGroup;
			children = (
				4B9077CE26FB0C5F008BF843 /* CoreImagePixelBufferView.swift */,
				4B2A5ABE26FB82850072A253 /* Orientations.swift */,
				4B0ED6C1253ACE4C0012ADE6 /* AnyCMSampleBufferOutput.swift */,
				4B0ED6D2253AD9650012ADE6 /* MapOutput.swift */,
				4B0ED6CF253AD8B20012ADE6 /* PixelBufferTransform.swift */,
				4B0ED6D5253ADBB80012ADE6 /* Filters */,
			);
			path = Extended;
			sourceTree = "<group>";
		};
		6C347E79C8C03ED8245E34C5 /* Pods */ = {
			isa = PBXGroup;
			children = (
				81E305E0D5CEF2969E15D213 /* Pods-ComponentCameraDemoSwiftUI.debug.xcconfig */,
				9A9D2AB239E86E0943DE440C /* Pods-ComponentCameraDemoSwiftUI.release.xcconfig */,
				B0073AC956B13BF860A64ABC /* Pods-ComponentCameraDemoUIKit.debug.xcconfig */,
				9223848E27EB99AF618FAF0E /* Pods-ComponentCameraDemoUIKit.release.xcconfig */,
				D6D542B3A54C1F3AAABE0102 /* Pods-CapturerDemoSwiftUI.debug.xcconfig */,
				8F0733D658442B83C47F1033 /* Pods-CapturerDemoSwiftUI.release.xcconfig */,
				53FE04182317F603CF1BD331 /* Pods-CapturerDemoUIKit.debug.xcconfig */,
				8D276A5D43D7E5CE1BECF749 /* Pods-CapturerDemoUIKit.release.xcconfig */,
			);
			path = Pods;
			sourceTree = "<group>";
		};
/* End PBXGroup section */

/* Begin PBXHeadersBuildPhase section */
		4B2D585825346C410080E958 /* Headers */ = {
			isa = PBXHeadersBuildPhase;
			buildActionMask = 2147483647;
			files = (
				4B2D586225346C410080E958 /* ComponentCamera.h in Headers */,
			);
			runOnlyForDeploymentPostprocessing = 0;
		};
/* End PBXHeadersBuildPhase section */

/* Begin PBXNativeTarget section */
		4B2D585C25346C410080E958 /* Capturer */ = {
			isa = PBXNativeTarget;
			buildConfigurationList = 4B2D586525346C410080E958 /* Build configuration list for PBXNativeTarget "Capturer" */;
			buildPhases = (
				4B2D585825346C410080E958 /* Headers */,
				4B2D585925346C410080E958 /* Sources */,
				4B2D585A25346C410080E958 /* Frameworks */,
				4B2D585B25346C410080E958 /* Resources */,
			);
			buildRules = (
			);
			dependencies = (
			);
			name = Capturer;
			productName = ComponentCamera;
			productReference = 4B2D585D25346C410080E958 /* Capturer.framework */;
			productType = "com.apple.product-type.framework";
		};
		4B2D586C25346C730080E958 /* CapturerDemoSwiftUI */ = {
			isa = PBXNativeTarget;
			buildConfigurationList = 4B2D587925346C740080E958 /* Build configuration list for PBXNativeTarget "CapturerDemoSwiftUI" */;
			buildPhases = (
				B57035BB5A2276438776D60F /* [CP] Check Pods Manifest.lock */,
				4B2D586925346C730080E958 /* Sources */,
				4B2D586A25346C730080E958 /* Frameworks */,
				4B2D586B25346C730080E958 /* Resources */,
				4B2D5D8625347B7C0080E958 /* Embed Frameworks */,
			);
			buildRules = (
			);
			dependencies = (
				4B2D5D8525347B7C0080E958 /* PBXTargetDependency */,
			);
			name = CapturerDemoSwiftUI;
			productName = ComponentCameraDemoSwiftUI;
			productReference = 4B2D586D25346C730080E958 /* CapturerDemoSwiftUI.app */;
			productType = "com.apple.product-type.application";
		};
		4B2D588125346C900080E958 /* CapturerDemoUIKit */ = {
			isa = PBXNativeTarget;
			buildConfigurationList = 4B2D589325346C900080E958 /* Build configuration list for PBXNativeTarget "CapturerDemoUIKit" */;
			buildPhases = (
				673AA925E484A9C0899AF43F /* [CP] Check Pods Manifest.lock */,
				4B2D587E25346C900080E958 /* Sources */,
				4B2D587F25346C900080E958 /* Frameworks */,
				4B2D588025346C900080E958 /* Resources */,
				4B0A735B2534984500E1DEFF /* Embed Frameworks */,
				5F5BFBA1BD2A0FD2C9E61DEE /* [CP] Embed Pods Frameworks */,
			);
			buildRules = (
			);
			dependencies = (
				4B3D9BDC26F9D4A20037771E /* PBXTargetDependency */,
			);
			name = CapturerDemoUIKit;
			productName = ComponentCameraDemoUIKit;
			productReference = 4B2D588225346C900080E958 /* CapturerDemoUIKit.app */;
			productType = "com.apple.product-type.application";
		};
/* End PBXNativeTarget section */

/* Begin PBXProject section */
		4B2D585425346C400080E958 /* Project object */ = {
			isa = PBXProject;
			attributes = {
				BuildIndependentTargetsInParallel = YES;
				LastSwiftUpdateCheck = 1200;
				LastUpgradeCheck = 1620;
				TargetAttributes = {
					4B2D585C25346C410080E958 = {
						CreatedOnToolsVersion = 12.0;
						LastSwiftMigration = 1200;
					};
					4B2D586C25346C730080E958 = {
						CreatedOnToolsVersion = 12.0;
					};
					4B2D588125346C900080E958 = {
						CreatedOnToolsVersion = 12.0;
					};
				};
			};
			buildConfigurationList = 4B2D585725346C400080E958 /* Build configuration list for PBXProject "Capturer" */;
			compatibilityVersion = "Xcode 9.3";
			developmentRegion = en;
			hasScannedForEncodings = 0;
			knownRegions = (
				en,
				Base,
			);
			mainGroup = 4B2D585325346C400080E958;
			productRefGroup = 4B2D585E25346C410080E958 /* Products */;
			projectDirPath = "";
			projectRoot = "";
			targets = (
				4B2D585C25346C410080E958 /* Capturer */,
				4B2D586C25346C730080E958 /* CapturerDemoSwiftUI */,
				4B2D588125346C900080E958 /* CapturerDemoUIKit */,
			);
		};
/* End PBXProject section */

/* Begin PBXResourcesBuildPhase section */
		4B2D585B25346C410080E958 /* Resources */ = {
			isa = PBXResourcesBuildPhase;
			buildActionMask = 2147483647;
			files = (
			);
			runOnlyForDeploymentPostprocessing = 0;
		};
		4B2D586B25346C730080E958 /* Resources */ = {
			isa = PBXResourcesBuildPhase;
			buildActionMask = 2147483647;
			files = (
				4B2D587725346C740080E958 /* Preview Assets.xcassets in Resources */,
				4B2D587425346C740080E958 /* Assets.xcassets in Resources */,
			);
			runOnlyForDeploymentPostprocessing = 0;
		};
		4B2D588025346C900080E958 /* Resources */ = {
			isa = PBXResourcesBuildPhase;
			buildActionMask = 2147483647;
			files = (
				4B2D589125346C900080E958 /* LaunchScreen.storyboard in Resources */,
				4B2D588E25346C900080E958 /* Assets.xcassets in Resources */,
			);
			runOnlyForDeploymentPostprocessing = 0;
		};
/* End PBXResourcesBuildPhase section */

/* Begin PBXShellScriptBuildPhase section */
		5F5BFBA1BD2A0FD2C9E61DEE /* [CP] Embed Pods Frameworks */ = {
			isa = PBXShellScriptBuildPhase;
			buildActionMask = 2147483647;
			files = (
			);
			inputFileListPaths = (
				"${PODS_ROOT}/Target Support Files/Pods-CapturerDemoUIKit/Pods-CapturerDemoUIKit-frameworks-${CONFIGURATION}-input-files.xcfilelist",
			);
			name = "[CP] Embed Pods Frameworks";
			outputFileListPaths = (
				"${PODS_ROOT}/Target Support Files/Pods-CapturerDemoUIKit/Pods-CapturerDemoUIKit-frameworks-${CONFIGURATION}-output-files.xcfilelist",
			);
			runOnlyForDeploymentPostprocessing = 0;
			shellPath = /bin/sh;
			shellScript = "\"${PODS_ROOT}/Target Support Files/Pods-CapturerDemoUIKit/Pods-CapturerDemoUIKit-frameworks.sh\"\n";
			showEnvVarsInLog = 0;
		};
		673AA925E484A9C0899AF43F /* [CP] Check Pods Manifest.lock */ = {
			isa = PBXShellScriptBuildPhase;
			buildActionMask = 2147483647;
			files = (
			);
			inputFileListPaths = (
			);
			inputPaths = (
				"${PODS_PODFILE_DIR_PATH}/Podfile.lock",
				"${PODS_ROOT}/Manifest.lock",
			);
			name = "[CP] Check Pods Manifest.lock";
			outputFileListPaths = (
			);
			outputPaths = (
				"$(DERIVED_FILE_DIR)/Pods-CapturerDemoUIKit-checkManifestLockResult.txt",
			);
			runOnlyForDeploymentPostprocessing = 0;
			shellPath = /bin/sh;
			shellScript = "diff \"${PODS_PODFILE_DIR_PATH}/Podfile.lock\" \"${PODS_ROOT}/Manifest.lock\" > /dev/null\nif [ $? != 0 ] ; then\n    # print error to STDERR\n    echo \"error: The sandbox is not in sync with the Podfile.lock. Run 'pod install' or update your CocoaPods installation.\" >&2\n    exit 1\nfi\n# This output is used by Xcode 'outputs' to avoid re-running this script phase.\necho \"SUCCESS\" > \"${SCRIPT_OUTPUT_FILE_0}\"\n";
			showEnvVarsInLog = 0;
		};
		B57035BB5A2276438776D60F /* [CP] Check Pods Manifest.lock */ = {
			isa = PBXShellScriptBuildPhase;
			buildActionMask = 2147483647;
			files = (
			);
			inputFileListPaths = (
			);
			inputPaths = (
				"${PODS_PODFILE_DIR_PATH}/Podfile.lock",
				"${PODS_ROOT}/Manifest.lock",
			);
			name = "[CP] Check Pods Manifest.lock";
			outputFileListPaths = (
			);
			outputPaths = (
				"$(DERIVED_FILE_DIR)/Pods-CapturerDemoSwiftUI-checkManifestLockResult.txt",
			);
			runOnlyForDeploymentPostprocessing = 0;
			shellPath = /bin/sh;
			shellScript = "diff \"${PODS_PODFILE_DIR_PATH}/Podfile.lock\" \"${PODS_ROOT}/Manifest.lock\" > /dev/null\nif [ $? != 0 ] ; then\n    # print error to STDERR\n    echo \"error: The sandbox is not in sync with the Podfile.lock. Run 'pod install' or update your CocoaPods installation.\" >&2\n    exit 1\nfi\n# This output is used by Xcode 'outputs' to avoid re-running this script phase.\necho \"SUCCESS\" > \"${SCRIPT_OUTPUT_FILE_0}\"\n";
			showEnvVarsInLog = 0;
		};
/* End PBXShellScriptBuildPhase section */

/* Begin PBXSourcesBuildPhase section */
		4B2D585925346C410080E958 /* Sources */ = {
			isa = PBXSourcesBuildPhase;
			buildActionMask = 2147483647;
			files = (
				4B3688C325349F770067C298 /* ComponentBase.swift in Sources */,
				4B06FDFD29B5C31A008A5389 /* export.swift in Sources */,
				4B0ED6D0253AD8B20012ADE6 /* PixelBufferTransform.swift in Sources */,
				4B293EE02534A14B0057EF46 /* InputNodeType.swift in Sources */,
				4B3D9BDE26F9D7D00037771E /* Utils.swift in Sources */,
				4B0ED6C2253ACE4C0012ADE6 /* AnyCMSampleBufferOutput.swift in Sources */,
				4B3D9BE026F9DE440037771E /* CameraInput.swift in Sources */,
				4B0ED6C6253ACF300012ADE6 /* AnyOutput.swift in Sources */,
				4B3D9BE226F9F4EB0037771E /* Logger.swift in Sources */,
				4BBF6FC926FA32290047E633 /* PhotoTools.swift in Sources */,
				4B3D9BE626F9FB2A0037771E /* CVPixelBufferModifying.swift in Sources */,
				4B9077CD26FB0C43008BF843 /* PixelBufferDisplaying.swift in Sources */,
				4B65D33926FA0E7600DBC163 /* PhotoOutput.swift in Sources */,
				4B3688BD25349F370067C298 /* OutputNodeType.swift in Sources */,
				4B2D5D78253477480080E958 /* CaptureBody.swift in Sources */,
				4B3688C025349F5B0067C298 /* VideoDataOutput.swift in Sources */,
				4B2A5ABF26FB82850072A253 /* Orientations.swift in Sources */,
				4B0ED6CA253AD0D50012ADE6 /* EventBus.swift in Sources */,
				4B0ED6DD253AE1910012ADE6 /* AnyCVPixelBufferOutput.swift in Sources */,
				4B0ED6D3253AD9650012ADE6 /* MapOutput.swift in Sources */,
				4B99BC0E26FB74C100CA722C /* PreviewOutput.swift in Sources */,
				4B0ED6E0253AE2670012ADE6 /* CoreImageFilter.swift in Sources */,
				4B1DF6A02534A40300503E16 /* PixelBufferView.swift in Sources */,
				4B9077CF26FB0C5F008BF843 /* CoreImagePixelBufferView.swift in Sources */,
			);
			runOnlyForDeploymentPostprocessing = 0;
		};
		4B2D586925346C730080E958 /* Sources */ = {
			isa = PBXSourcesBuildPhase;
			buildActionMask = 2147483647;
			files = (
				4B2D587225346C730080E958 /* ContentView.swift in Sources */,
				4B2D587025346C730080E958 /* ComponentCameraDemoSwiftUIApp.swift in Sources */,
				4B2D5D7D25347B090080E958 /* PreviewLayerView.swift in Sources */,
			);
			runOnlyForDeploymentPostprocessing = 0;
		};
		4B2D587E25346C900080E958 /* Sources */ = {
			isa = PBXSourcesBuildPhase;
			buildActionMask = 2147483647;
			files = (
				4B3D9BD526F9D25E0037771E /* RootContainerViewController.swift in Sources */,
				4B3D9BD726F9D4550037771E /* DemoInputPreviewViewController.swift in Sources */,
				4B3D9BD326F9D2480037771E /* Book.swift in Sources */,
				4B2D588925346C900080E958 /* ViewController.swift in Sources */,
				4B2D588525346C900080E958 /* AppDelegate.swift in Sources */,
				4B2D588725346C900080E958 /* SceneDelegate.swift in Sources */,
				4B4BC49E271852ED00E78A01 /* DemoInputPreviewClassicViewController.swift in Sources */,
				4B3D9BE426F9F7540037771E /* Extensions.swift in Sources */,
			);
			runOnlyForDeploymentPostprocessing = 0;
		};
/* End PBXSourcesBuildPhase section */

/* Begin PBXTargetDependency section */
		4B2D5D8525347B7C0080E958 /* PBXTargetDependency */ = {
			isa = PBXTargetDependency;
			target = 4B2D585C25346C410080E958 /* Capturer */;
			targetProxy = 4B2D5D8425347B7C0080E958 /* PBXContainerItemProxy */;
		};
		4B3D9BDC26F9D4A20037771E /* PBXTargetDependency */ = {
			isa = PBXTargetDependency;
			platformFilter = ios;
			target = 4B2D585C25346C410080E958 /* Capturer */;
			targetProxy = 4B3D9BDB26F9D4A20037771E /* PBXContainerItemProxy */;
		};
/* End PBXTargetDependency section */

/* Begin PBXVariantGroup section */
		4B2D588F25346C900080E958 /* LaunchScreen.storyboard */ = {
			isa = PBXVariantGroup;
			children = (
				4B2D589025346C900080E958 /* Base */,
			);
			name = LaunchScreen.storyboard;
			sourceTree = "<group>";
		};
/* End PBXVariantGroup section */

/* Begin XCBuildConfiguration section */
		4B2D586325346C410080E958 /* Debug */ = {
			isa = XCBuildConfiguration;
			buildSettings = {
				ALWAYS_SEARCH_USER_PATHS = NO;
				CLANG_ANALYZER_NONNULL = YES;
				CLANG_ANALYZER_NUMBER_OBJECT_CONVERSION = YES_AGGRESSIVE;
				CLANG_CXX_LANGUAGE_STANDARD = "gnu++14";
				CLANG_CXX_LIBRARY = "libc++";
				CLANG_ENABLE_MODULES = YES;
				CLANG_ENABLE_OBJC_ARC = YES;
				CLANG_ENABLE_OBJC_WEAK = YES;
				CLANG_WARN_BLOCK_CAPTURE_AUTORELEASING = YES;
				CLANG_WARN_BOOL_CONVERSION = YES;
				CLANG_WARN_COMMA = YES;
				CLANG_WARN_CONSTANT_CONVERSION = YES;
				CLANG_WARN_DEPRECATED_OBJC_IMPLEMENTATIONS = YES;
				CLANG_WARN_DIRECT_OBJC_ISA_USAGE = YES_ERROR;
				CLANG_WARN_DOCUMENTATION_COMMENTS = YES;
				CLANG_WARN_EMPTY_BODY = YES;
				CLANG_WARN_ENUM_CONVERSION = YES;
				CLANG_WARN_INFINITE_RECURSION = YES;
				CLANG_WARN_INT_CONVERSION = YES;
				CLANG_WARN_NON_LITERAL_NULL_CONVERSION = YES;
				CLANG_WARN_OBJC_IMPLICIT_RETAIN_SELF = YES;
				CLANG_WARN_OBJC_LITERAL_CONVERSION = YES;
				CLANG_WARN_OBJC_ROOT_CLASS = YES_ERROR;
				CLANG_WARN_QUOTED_INCLUDE_IN_FRAMEWORK_HEADER = YES;
				CLANG_WARN_RANGE_LOOP_ANALYSIS = YES;
				CLANG_WARN_STRICT_PROTOTYPES = YES;
				CLANG_WARN_SUSPICIOUS_MOVE = YES;
				CLANG_WARN_UNGUARDED_AVAILABILITY = YES_AGGRESSIVE;
				CLANG_WARN_UNREACHABLE_CODE = YES;
				CLANG_WARN__DUPLICATE_METHOD_MATCH = YES;
				COPY_PHASE_STRIP = NO;
				CURRENT_PROJECT_VERSION = 1;
				DEBUG_INFORMATION_FORMAT = dwarf;
				ENABLE_STRICT_OBJC_MSGSEND = YES;
				ENABLE_TESTABILITY = YES;
				ENABLE_USER_SCRIPT_SANDBOXING = YES;
				GCC_C_LANGUAGE_STANDARD = gnu11;
				GCC_DYNAMIC_NO_PIC = NO;
				GCC_NO_COMMON_BLOCKS = YES;
				GCC_OPTIMIZATION_LEVEL = 0;
				GCC_PREPROCESSOR_DEFINITIONS = (
					"DEBUG=1",
					"$(inherited)",
				);
				GCC_WARN_64_TO_32_BIT_CONVERSION = YES;
				GCC_WARN_ABOUT_RETURN_TYPE = YES_ERROR;
				GCC_WARN_UNDECLARED_SELECTOR = YES;
				GCC_WARN_UNINITIALIZED_AUTOS = YES_AGGRESSIVE;
				GCC_WARN_UNUSED_FUNCTION = YES;
				GCC_WARN_UNUSED_VARIABLE = YES;
				IPHONEOS_DEPLOYMENT_TARGET = 12.0;
				MTL_ENABLE_DEBUG_INFO = INCLUDE_SOURCE;
				MTL_FAST_MATH = YES;
				ONLY_ACTIVE_ARCH = YES;
				SDKROOT = iphoneos;
				SWIFT_ACTIVE_COMPILATION_CONDITIONS = DEBUG;
				SWIFT_OPTIMIZATION_LEVEL = "-Onone";
				VERSIONING_SYSTEM = "apple-generic";
				VERSION_INFO_PREFIX = "";
			};
			name = Debug;
		};
		4B2D586425346C410080E958 /* Release */ = {
			isa = XCBuildConfiguration;
			buildSettings = {
				ALWAYS_SEARCH_USER_PATHS = NO;
				CLANG_ANALYZER_NONNULL = YES;
				CLANG_ANALYZER_NUMBER_OBJECT_CONVERSION = YES_AGGRESSIVE;
				CLANG_CXX_LANGUAGE_STANDARD = "gnu++14";
				CLANG_CXX_LIBRARY = "libc++";
				CLANG_ENABLE_MODULES = YES;
				CLANG_ENABLE_OBJC_ARC = YES;
				CLANG_ENABLE_OBJC_WEAK = YES;
				CLANG_WARN_BLOCK_CAPTURE_AUTORELEASING = YES;
				CLANG_WARN_BOOL_CONVERSION = YES;
				CLANG_WARN_COMMA = YES;
				CLANG_WARN_CONSTANT_CONVERSION = YES;
				CLANG_WARN_DEPRECATED_OBJC_IMPLEMENTATIONS = YES;
				CLANG_WARN_DIRECT_OBJC_ISA_USAGE = YES_ERROR;
				CLANG_WARN_DOCUMENTATION_COMMENTS = YES;
				CLANG_WARN_EMPTY_BODY = YES;
				CLANG_WARN_ENUM_CONVERSION = YES;
				CLANG_WARN_INFINITE_RECURSION = YES;
				CLANG_WARN_INT_CONVERSION = YES;
				CLANG_WARN_NON_LITERAL_NULL_CONVERSION = YES;
				CLANG_WARN_OBJC_IMPLICIT_RETAIN_SELF = YES;
				CLANG_WARN_OBJC_LITERAL_CONVERSION = YES;
				CLANG_WARN_OBJC_ROOT_CLASS = YES_ERROR;
				CLANG_WARN_QUOTED_INCLUDE_IN_FRAMEWORK_HEADER = YES;
				CLANG_WARN_RANGE_LOOP_ANALYSIS = YES;
				CLANG_WARN_STRICT_PROTOTYPES = YES;
				CLANG_WARN_SUSPICIOUS_MOVE = YES;
				CLANG_WARN_UNGUARDED_AVAILABILITY = YES_AGGRESSIVE;
				CLANG_WARN_UNREACHABLE_CODE = YES;
				CLANG_WARN__DUPLICATE_METHOD_MATCH = YES;
				COPY_PHASE_STRIP = NO;
				CURRENT_PROJECT_VERSION = 1;
				DEBUG_INFORMATION_FORMAT = "dwarf-with-dsym";
				ENABLE_NS_ASSERTIONS = NO;
				ENABLE_STRICT_OBJC_MSGSEND = YES;
				ENABLE_USER_SCRIPT_SANDBOXING = YES;
				GCC_C_LANGUAGE_STANDARD = gnu11;
				GCC_NO_COMMON_BLOCKS = YES;
				GCC_WARN_64_TO_32_BIT_CONVERSION = YES;
				GCC_WARN_ABOUT_RETURN_TYPE = YES_ERROR;
				GCC_WARN_UNDECLARED_SELECTOR = YES;
				GCC_WARN_UNINITIALIZED_AUTOS = YES_AGGRESSIVE;
				GCC_WARN_UNUSED_FUNCTION = YES;
				GCC_WARN_UNUSED_VARIABLE = YES;
				IPHONEOS_DEPLOYMENT_TARGET = 12.0;
				MTL_ENABLE_DEBUG_INFO = NO;
				MTL_FAST_MATH = YES;
				SDKROOT = iphoneos;
				SWIFT_COMPILATION_MODE = wholemodule;
				SWIFT_OPTIMIZATION_LEVEL = "-O";
				VALIDATE_PRODUCT = YES;
				VERSIONING_SYSTEM = "apple-generic";
				VERSION_INFO_PREFIX = "";
			};
			name = Release;
		};
		4B2D586625346C410080E958 /* Debug */ = {
			isa = XCBuildConfiguration;
			buildSettings = {
				APPLICATION_EXTENSION_API_ONLY = NO;
				CLANG_ENABLE_MODULES = YES;
				CODE_SIGN_IDENTITY = "";
				CODE_SIGN_STYLE = Automatic;
				DEFINES_MODULE = YES;
				DYLIB_COMPATIBILITY_VERSION = 1;
				DYLIB_CURRENT_VERSION = 1;
				DYLIB_INSTALL_NAME_BASE = "@rpath";
				ENABLE_MODULE_VERIFIER = YES;
				INFOPLIST_FILE = Capturer/Info.plist;
				INSTALL_PATH = "$(LOCAL_LIBRARY_DIR)/Frameworks";
				IPHONEOS_DEPLOYMENT_TARGET = 17.6;
				LD_RUNPATH_SEARCH_PATHS = (
					"$(inherited)",
					"@executable_path/Frameworks",
					"@loader_path/Frameworks",
				);
				MODULE_VERIFIER_SUPPORTED_LANGUAGE_STANDARDS = "gnu11 gnu++14";
				PRODUCT_BUNDLE_IDENTIFIER = app.muukii.ComponentCamera;
				PRODUCT_NAME = "$(TARGET_NAME:c99extidentifier)";
				SKIP_INSTALL = YES;
				SUPPORTS_MACCATALYST = NO;
				SWIFT_OPTIMIZATION_LEVEL = "-Onone";
				SWIFT_VERSION = 6.0;
				TARGETED_DEVICE_FAMILY = "1,2";
			};
			name = Debug;
		};
		4B2D586725346C410080E958 /* Release */ = {
			isa = XCBuildConfiguration;
			buildSettings = {
				APPLICATION_EXTENSION_API_ONLY = NO;
				CLANG_ENABLE_MODULES = YES;
				CODE_SIGN_IDENTITY = "";
				CODE_SIGN_STYLE = Automatic;
				DEFINES_MODULE = YES;
				DYLIB_COMPATIBILITY_VERSION = 1;
				DYLIB_CURRENT_VERSION = 1;
				DYLIB_INSTALL_NAME_BASE = "@rpath";
				ENABLE_MODULE_VERIFIER = YES;
				INFOPLIST_FILE = Capturer/Info.plist;
				INSTALL_PATH = "$(LOCAL_LIBRARY_DIR)/Frameworks";
				IPHONEOS_DEPLOYMENT_TARGET = 17.6;
				LD_RUNPATH_SEARCH_PATHS = (
					"$(inherited)",
					"@executable_path/Frameworks",
					"@loader_path/Frameworks",
				);
				MODULE_VERIFIER_SUPPORTED_LANGUAGE_STANDARDS = "gnu11 gnu++14";
				PRODUCT_BUNDLE_IDENTIFIER = app.muukii.ComponentCamera;
				PRODUCT_NAME = "$(TARGET_NAME:c99extidentifier)";
				SKIP_INSTALL = YES;
				SUPPORTS_MACCATALYST = NO;
				SWIFT_VERSION = 6.0;
				TARGETED_DEVICE_FAMILY = "1,2";
			};
			name = Release;
		};
		4B2D587A25346C740080E958 /* Debug */ = {
			isa = XCBuildConfiguration;
			baseConfigurationReference = D6D542B3A54C1F3AAABE0102 /* Pods-CapturerDemoSwiftUI.debug.xcconfig */;
			buildSettings = {
				ASSETCATALOG_COMPILER_APPICON_NAME = AppIcon;
				ASSETCATALOG_COMPILER_GLOBAL_ACCENT_COLOR_NAME = AccentColor;
				CODE_SIGN_STYLE = Automatic;
				DEVELOPMENT_ASSET_PATHS = "\"ComponentCameraDemoSwiftUI/Preview Content\"";
				DEVELOPMENT_TEAM = JX92XL88RZ;
				ENABLE_PREVIEWS = YES;
				FRAMEWORK_SEARCH_PATHS = (
					"$(inherited)",
					"$(PROJECT_DIR)",
				);
				INFOPLIST_FILE = ComponentCameraDemoSwiftUI/Info.plist;
				IPHONEOS_DEPLOYMENT_TARGET = 17.6;
				LD_RUNPATH_SEARCH_PATHS = (
					"$(inherited)",
					"@executable_path/Frameworks",
				);
				PRODUCT_BUNDLE_IDENTIFIER = app.muukii.ComponentCameraDemoSwiftUI;
				PRODUCT_NAME = "$(TARGET_NAME)";
				SWIFT_VERSION = 6.0;
				TARGETED_DEVICE_FAMILY = "1,2";
			};
			name = Debug;
		};
		4B2D587B25346C740080E958 /* Release */ = {
			isa = XCBuildConfiguration;
			baseConfigurationReference = 8F0733D658442B83C47F1033 /* Pods-CapturerDemoSwiftUI.release.xcconfig */;
			buildSettings = {
				ASSETCATALOG_COMPILER_APPICON_NAME = AppIcon;
				ASSETCATALOG_COMPILER_GLOBAL_ACCENT_COLOR_NAME = AccentColor;
				CODE_SIGN_STYLE = Automatic;
				DEVELOPMENT_ASSET_PATHS = "\"ComponentCameraDemoSwiftUI/Preview Content\"";
				DEVELOPMENT_TEAM = JX92XL88RZ;
				ENABLE_PREVIEWS = YES;
				FRAMEWORK_SEARCH_PATHS = (
					"$(inherited)",
					"$(PROJECT_DIR)",
				);
				INFOPLIST_FILE = ComponentCameraDemoSwiftUI/Info.plist;
				IPHONEOS_DEPLOYMENT_TARGET = 17.6;
				LD_RUNPATH_SEARCH_PATHS = (
					"$(inherited)",
					"@executable_path/Frameworks",
				);
				PRODUCT_BUNDLE_IDENTIFIER = app.muukii.ComponentCameraDemoSwiftUI;
				PRODUCT_NAME = "$(TARGET_NAME)";
				SWIFT_VERSION = 6.0;
				TARGETED_DEVICE_FAMILY = "1,2";
			};
			name = Release;
		};
		4B2D589425346C900080E958 /* Debug */ = {
			isa = XCBuildConfiguration;
			baseConfigurationReference = 53FE04182317F603CF1BD331 /* Pods-CapturerDemoUIKit.debug.xcconfig */;
			buildSettings = {
				ASSETCATALOG_COMPILER_APPICON_NAME = AppIcon;
				ASSETCATALOG_COMPILER_GLOBAL_ACCENT_COLOR_NAME = AccentColor;
				CODE_SIGN_STYLE = Automatic;
				DEVELOPMENT_TEAM = JX92XL88RZ;
				FRAMEWORK_SEARCH_PATHS = (
					"$(inherited)",
					"$(PROJECT_DIR)",
				);
				INFOPLIST_FILE = ComponentCameraDemoUIKit/Info.plist;
				IPHONEOS_DEPLOYMENT_TARGET = 17.6;
				LD_RUNPATH_SEARCH_PATHS = (
					"$(inherited)",
					"@executable_path/Frameworks",
				);
				PRODUCT_BUNDLE_IDENTIFIER = app.muukii.ComponentCameraDemoUIKit;
				PRODUCT_NAME = "$(TARGET_NAME)";
				SWIFT_VERSION = 6.0;
				TARGETED_DEVICE_FAMILY = 1;
			};
			name = Debug;
		};
		4B2D589525346C900080E958 /* Release */ = {
			isa = XCBuildConfiguration;
			baseConfigurationReference = 8D276A5D43D7E5CE1BECF749 /* Pods-CapturerDemoUIKit.release.xcconfig */;
			buildSettings = {
				ASSETCATALOG_COMPILER_APPICON_NAME = AppIcon;
				ASSETCATALOG_COMPILER_GLOBAL_ACCENT_COLOR_NAME = AccentColor;
				CODE_SIGN_STYLE = Automatic;
				DEVELOPMENT_TEAM = JX92XL88RZ;
				FRAMEWORK_SEARCH_PATHS = (
					"$(inherited)",
					"$(PROJECT_DIR)",
				);
				INFOPLIST_FILE = ComponentCameraDemoUIKit/Info.plist;
				IPHONEOS_DEPLOYMENT_TARGET = 17.6;
				LD_RUNPATH_SEARCH_PATHS = (
					"$(inherited)",
					"@executable_path/Frameworks",
				);
				PRODUCT_BUNDLE_IDENTIFIER = app.muukii.ComponentCameraDemoUIKit;
				PRODUCT_NAME = "$(TARGET_NAME)";
				SWIFT_VERSION = 6.0;
				TARGETED_DEVICE_FAMILY = 1;
			};
			name = Release;
		};
/* End XCBuildConfiguration section */

/* Begin XCConfigurationList section */
		4B2D585725346C400080E958 /* Build configuration list for PBXProject "Capturer" */ = {
			isa = XCConfigurationList;
			buildConfigurations = (
				4B2D586325346C410080E958 /* Debug */,
				4B2D586425346C410080E958 /* Release */,
			);
			defaultConfigurationIsVisible = 0;
			defaultConfigurationName = Release;
		};
		4B2D586525346C410080E958 /* Build configuration list for PBXNativeTarget "Capturer" */ = {
			isa = XCConfigurationList;
			buildConfigurations = (
				4B2D586625346C410080E958 /* Debug */,
				4B2D586725346C410080E958 /* Release */,
			);
			defaultConfigurationIsVisible = 0;
			defaultConfigurationName = Release;
		};
		4B2D587925346C740080E958 /* Build configuration list for PBXNativeTarget "CapturerDemoSwiftUI" */ = {
			isa = XCConfigurationList;
			buildConfigurations = (
				4B2D587A25346C740080E958 /* Debug */,
				4B2D587B25346C740080E958 /* Release */,
			);
			defaultConfigurationIsVisible = 0;
			defaultConfigurationName = Release;
		};
		4B2D589325346C900080E958 /* Build configuration list for PBXNativeTarget "CapturerDemoUIKit" */ = {
			isa = XCConfigurationList;
			buildConfigurations = (
				4B2D589425346C900080E958 /* Debug */,
				4B2D589525346C900080E958 /* Release */,
			);
			defaultConfigurationIsVisible = 0;
			defaultConfigurationName = Release;
		};
/* End XCConfigurationList section */
	};
	rootObject = 4B2D585425346C400080E958 /* Project object */;
}
